
Microsoft Visual Studio Solution File, Format Version 12.00
# Visual Studio Version 16
VisualStudioVersion = 16.0.33328.57
MinimumVisualStudioVersion = 10.0.40219.1
Project("{FAE04EC0-301F-11D3-BF4B-00C04F79EFBC}") = "Wpf2dSlider", "Wpf2dSlider\Wpf2dSlider.csproj", "{9CD372CC-A86F-4C0B-B7D3-FB22607219E5}"
EndProject
Project("{FAE04EC0-301F-11D3-BF4B-00C04F79EFBC}") = "Wpf2vSlider", "Wpf2vSlider\Wpf2vSlider.csproj", "{A820D880-3FEA-48F7-AD2B-E12F0176A179}"
EndProject
Project("{FAE04EC0-301F-11D3-BF4B-00C04F79EFBC}") = "SequenceViewer", "SequenceViewer\SequenceViewer.csproj", "{B37B1D19-CF9F-419B-B1C6-C0A67D1CBA62}"
EndProject
Global
	GlobalSection(SolutionConfigurationPlatforms) = preSolution
		Debug|Any CPU = Debug|Any CPU
		Release|Any CPU = Release|Any CPU
	EndGlobalSection
	GlobalSection(ProjectConfigurationPlatforms) = postSolution
		{9CD372CC-A86F-4C0B-B7D3-FB22607219E5}.Debug|Any CPU.ActiveCfg = Debug|Any CPU
		{9CD372CC-A86F-4C0B-B7D3-FB22607219E5}.Debug|Any CPU.Build.0 = Debug|Any CPU
		{9CD372CC-A86F-4C0B-B7D3-FB22607219E5}.Release|Any CPU.ActiveCfg = Release|Any CPU
		{9CD372CC-A86F-4C0B-B7D3-FB22607219E5}.Release|Any CPU.Build.0 = Release|Any CPU
		{A820D880-3FEA-48F7-AD2B-E12F0176A179}.Debug|Any CPU.ActiveCfg = Debug|Any CPU
		{A820D880-3FEA-48F7-AD2B-E12F0176A179}.Debug|Any CPU.Build.0 = Debug|Any CPU
		{A820D880-3FEA-48F7-AD2B-E12F0176A179}.Release|Any CPU.ActiveCfg = Release|Any CPU
		{A820D880-3FEA-48F7-AD2B-E12F0176A179}.Release|Any CPU.Build.0 = Release|Any CPU
		{B37B1D19-CF9F-419B-B1C6-C0A67D1CBA62}.Debug|Any CPU.ActiveCfg = Debug|Any CPU
		{B37B1D19-CF9F-419B-B1C6-C0A67D1CBA62}.Debug|Any CPU.Build.0 = Debug|Any CPU
		{B37B1D19-CF9F-419B-B1C6-C0A67D1CBA62}.Release|Any CPU.ActiveCfg = Release|Any CPU
		{B37B1D19-CF9F-419B-B1C6-C0A67D1CBA62}.Release|Any CPU.Build.0 = Release|Any CPU
	EndGlobalSection
	GlobalSection(SolutionProperties) = preSolution
		HideSolutionNode = FALSE
	EndGlobalSection
	GlobalSection(ExtensibilityGlobals) = postSolution
		SolutionGuid = {EEB2390B-4946-4988-ADCF-2A3766415E44}
	EndGlobalSection
EndGlobal
